
Microsoft Visual Studio Solution File, Format Version 12.00
# Visual Studio Version 17
VisualStudioVersion = 17.9.34622.214
MinimumVisualStudioVersion = 10.0.40219.1
Project("{9A19103F-16F7-4668-BE54-9A1E7A4F7556}") = "TheMec", "WinFormsApp3\TheMec.csproj", "{8E2EC03F-6EE9-4A51-8D3A-67E4D3909D03}"
EndProject
Global
	GlobalSection(SolutionConfigurationPlatforms) = preSolution
		Debug|Any CPU = Debug|Any CPU
		Release|Any CPU = Release|Any CPU
	EndGlobalSection
	GlobalSection(ProjectConfigurationPlatforms) = postSolution
		{8E2EC03F-6EE9-4A51-8D3A-67E4D3909D03}.Debug|Any CPU.ActiveCfg = Debug|Any CPU
		{8E2EC03F-6EE9-4A51-8D3A-67E4D3909D03}.Debug|Any CPU.Build.0 = Debug|Any CPU
		{8E2EC03F-6EE9-4A51-8D3A-67E4D3909D03}.Release|Any CPU.ActiveCfg = Release|Any CPU
		{8E2EC03F-6EE9-4A51-8D3A-67E4D3909D03}.Release|Any CPU.Build.0 = Release|Any CPU
	EndGlobalSection
	GlobalSection(SolutionProperties) = preSolution
		HideSolutionNode = FALSE
	EndGlobalSection
	GlobalSection(ExtensibilityGlobals) = postSolution
		SolutionGuid = {66335B0B-7608-40D5-B622-2ED763BC6CF3}
	EndGlobalSection
EndGlobal
